schema_version: 1
generated_at: "2026-09-01T00:00:00+08:00"
policy:
  vendor_code: false
  preserve_upstream_notices: true
  unresolved_adapter_items_allowed: false
sources:
  - id: arxiv-api
    display_name: arXiv API
    repository: arXiv/arxiv-docs
    url: https://github.com/arXiv/arxiv-docs/blob/develop/source/help/api/user-manual.md
    license: API and per-record terms
    license_status: terms_reviewed
    classification: adapter
    review_date: 2026-09-01
    contribution: public preprint metadata and abstracts by stable arXiv identifier
    adapter_status: implemented
    bundled: false
  - id: inspire-rest-api
    display_name: INSPIRE REST API
    repository: inspirehep/rest-api-doc
    url: https://github.com/inspirehep/rest-api-doc
    license: CC0 for most metadata; field restrictions apply
    license_status: terms_reviewed
    classification: adapter
    review_date: 2026-09-01
    contribution: HEP literature metadata by recid, arXiv, DOI, or ORCID identifier
    adapter_status: implemented
    bundled: false
  - id: openalex-api
    display_name: OpenAlex API
    repository: null
    url: https://help.openalex.org/api/llm-quick-reference/
    license: CC0 metadata; metered API terms
    license_status: terms_reviewed
    classification: adapter
    review_date: 2026-09-01
    contribution: work metadata and reconstructed abstracts by OpenAlex ID or DOI
    adapter_status: implemented
    bundled: false
  - id: orcid-public-api
    display_name: ORCID Public API
    repository: null
    url: https://info.orcid.org/documentation/integration-and-api-faq/
    license: ORCID Public API terms
    license_status: terms_reviewed
    classification: adapter
    review_date: 2026-09-01
    contribution: authenticated read-public work summaries for a stable ORCID iD
    adapter_status: implemented_token_required
    bundled: false
  - id: distill-everything
    display_name: Distill-Everything
    repository: AITCX08/Distill-Everything
    url: https://github.com/AITCX08/Distill-Everything
    license: MIT
    license_status: declared
    classification: adapter
    review_date: 2026-09-01
    contribution: local-first ingestion, transcription, cleanup, Markdown output, and RAG packaging
    adapter_status: implemented_data_only
    bundled: false
  - id: anything2skill
    display_name: anything2skill
    repository: Nouischen/anything2skill
    url: https://github.com/Nouischen/anything2skill
    license: MIT
    license_status: declared
    classification: adapter
    review_date: 2026-09-01
    contribution: value pre-check, anti-bloat fusion, and review-card activation
    adapter_status: implemented_data_only
    bundled: false
  - id: sci-brain
    display_name: sci-brain
    repository: QuantumBFS/sci-brain
    url: https://github.com/QuantumBFS/sci-brain
    license: MIT
    license_status: declared
    classification: adapter
    review_date: 2026-09-01
    contribution: scientist-oriented ingestion around papers, PDFs, Zotero, and research workflows
    adapter_status: implemented_data_only
    bundled: false
  - id: research-taste-distillation
    display_name: research-taste-distillation
    repository: Jingqi-Xu/research-taste-distillation
    url: https://github.com/Jingqi-Xu/research-taste-distillation
    license: MIT
    license_status: declared
    classification: adapter
    review_date: 2026-09-01
    contribution: research philosophy extraction and critique flow
    adapter_status: implemented_data_only
    bundled: false
  - id: nuwa-skill
    display_name: nuwa-skill
    repository: alchaincyf/nuwa-skill
    url: https://github.com/alchaincyf/nuwa-skill
    license: MIT
    license_status: declared
    classification: adapter
    review_date: 2026-09-01
    contribution: person distillation, mental models, decision heuristics, and expression DNA extraction
    adapter_status: implemented_data_only
    bundled: false
  - id: distilly
    display_name: distilly
    repository: titanwings/distilly
    url: https://github.com/titanwings/distilly
    license: MIT
    license_status: declared
    classification: adapter
    review_date: 2026-09-01
    contribution: capability/persona split and reusable skill generation
    adapter_status: implemented_data_only
    bundled: false
  - id: person-distillation-foundations
    display_name: person-distillation-foundations
    repository: person-distillation-foundations/person-distillation-foundations.github.io
    url: https://github.com/person-distillation-foundations/person-distillation-foundations.github.io
    license: null
    license_status: not_declared
    classification: reference-only
    review_date: 2026-09-01
    contribution: survey vocabulary and framing for person distillation
    bundled: false
  - id: virtual-scientists
    display_name: Virtual Scientists
    repository: InternScience/Virtual-Scientists
    url: https://github.com/InternScience/Virtual-Scientists
    license: Apache-2.0
    license_status: declared
    classification: adapter
    review_date: 2026-09-01
    contribution: multi-agent scientific system design and team orchestration
    adapter_status: implemented_data_only
    bundled: false
  - id: scientific-agents
    display_name: scientific-agents
    repository: K-Dense-AI/scientific-agents
    url: https://github.com/K-Dense-AI/scientific-agents
    license: MIT
    license_status: declared
    classification: adapter
    review_date: 2026-09-01
    contribution: expert-thinking AGENTS.md profiles for scientific reasoning
    adapter_status: implemented_data_only
    bundled: false
  - id: scientific-agent-skills
    display_name: scientific-agent-skills
    repository: K-Dense-AI/scientific-agent-skills
    url: https://github.com/K-Dense-AI/scientific-agent-skills
    license: MIT
    license_status: declared
    classification: adapter
    review_date: 2026-09-01
    contribution: skill library structure and scientific tool catalog patterns
    adapter_status: implemented_data_only
    bundled: false
  - id: omniscientist-v2
    display_name: OmniScientist V2
    repository: tsinghua-fib-lab/OmniScientist-V2
    url: https://github.com/tsinghua-fib-lab/OmniScientist-V2
    license: Apache-2.0
    license_status: declared
    classification: adapter
    review_date: 2026-09-01
    contribution: provenance, workflow, and co-evolving scientist ecosystem structure
    adapter_status: implemented_data_only
    bundled: false
